
Microsoft Visual Studio Solution File, Format Version 12.00
# Visual Studio Version 16
VisualStudioVersion = 16.0.31313.79
MinimumVisualStudioVersion = 10.0.40219.1
Project("{FAE04EC0-301F-11D3-BF4B-00C04F79EFBC}") = "Handson1", "Handson1\Handson1.csproj", "{9E30AF57-007E-4A9C-8479-1F8634B730A4}"
EndProject
Global
	GlobalSection(SolutionConfigurationPlatforms) = preSolution
		Debug|Any CPU = Debug|Any CPU
		Release|Any CPU = Release|Any CPU
	EndGlobalSection
	GlobalSection(ProjectConfigurationPlatforms) = postSolution
		{9E30AF57-007E-4A9C-8479-1F8634B730A4}.Debug|Any CPU.ActiveCfg = Debug|Any CPU
		{9E30AF57-007E-4A9C-8479-1F8634B730A4}.Debug|Any CPU.Build.0 = Debug|Any CPU
		{9E30AF57-007E-4A9C-8479-1F8634B730A4}.Release|Any CPU.ActiveCfg = Release|Any CPU
		{9E30AF57-007E-4A9C-8479-1F8634B730A4}.Release|Any CPU.Build.0 = Release|Any CPU
	EndGlobalSection
	GlobalSection(SolutionProperties) = preSolution
		HideSolutionNode = FALSE
	EndGlobalSection
	GlobalSection(ExtensibilityGlobals) = postSolution
		SolutionGuid = {D358E394-5ECA-4169-AC7A-941ACB2F1BC0}
	EndGlobalSection
EndGlobal
